// !$*UTF8*$!
{
	archiveVersion = 1;
	classes = {
	};
	objectVersion = 48;
	objects = {

/* Begin PBXBuildFile section */
		261231791FE53E7000B9CD63 /* VideosViewController.swift in Sources */ = {isa = PBXBuildFile; fileRef = 261231781FE53E7000B9CD63 /* VideosViewController.swift */; };
		2629DE6B1FE908FC0010787A /* SearchTableViewCell.swift in Sources */ = {isa = PBXBuildFile; fileRef = 2629DE6A1FE908FC0010787A /* SearchTableViewCell.swift */; };
		262EEE231FE0391C00B2D952 /* InTheatersDetailedViewController.swift in Sources */ = {isa = PBXBuildFile; fileRef = 262EEE221FE0391C00B2D952 /* InTheatersDetailedViewController.swift */; };
		262EEE251FE0822000B2D952 /* SearchViewController.swift in Sources */ = {isa = PBXBuildFile; fileRef = 262EEE241FE0822000B2D952 /* SearchViewController.swift */; };
		262EEE271FE1CA7400B2D952 /* EpisodesViewController.swift in Sources */ = {isa = PBXBuildFile; fileRef = 262EEE261FE1CA7400B2D952 /* EpisodesViewController.swift */; };
		262EEE291FE1CB5900B2D952 /* EpisodesFirstTableViewCell.swift in Sources */ = {isa = PBXBuildFile; fileRef = 262EEE281FE1CB5900B2D952 /* EpisodesFirstTableViewCell.swift */; };
		262EEE2B1FE1CC0800B2D952 /* EpisodesSecondTableViewCell.swift in Sources */ = {isa = PBXBuildFile; fileRef = 262EEE2A1FE1CC0800B2D952 /* EpisodesSecondTableViewCell.swift */; };
		262EEE2D1FE3110000B2D952 /* Video.swift in Sources */ = {isa = PBXBuildFile; fileRef = 262EEE2C1FE3110000B2D952 /* Video.swift */; };
		2665D56A1FCDAEB70026E0A9 /* MoviesInTheaterListViewController.swift in Sources */ = {isa = PBXBuildFile; fileRef = 2665D5691FCDAEB70026E0A9 /* MoviesInTheaterListViewController.swift */; };
		2665D56E1FCDB00E0026E0A9 /* CustomTableViewCell.swift in Sources */ = {isa = PBXBuildFile; fileRef = 2665D56D1FCDB00E0026E0A9 /* CustomTableViewCell.swift */; };
		2665D5711FCE0A2D0026E0A9 /* OnTvViewController.swift in Sources */ = {isa = PBXBuildFile; fileRef = 2665D5701FCE0A2D0026E0A9 /* OnTvViewController.swift */; };
		2665D5731FD14F890026E0A9 /* ImageUrlExtension.swift in Sources */ = {isa = PBXBuildFile; fileRef = 2665D5721FD14F890026E0A9 /* ImageUrlExtension.swift */; };
		2665D5751FD8901D0026E0A9 /* TVandMovieTabsCollectionViewCell.swift in Sources */ = {isa = PBXBuildFile; fileRef = 2665D5741FD8901D0026E0A9 /* TVandMovieTabsCollectionViewCell.swift */; };
		2665D5771FD891220026E0A9 /* TVandMovieTabsViewController.swift in Sources */ = {isa = PBXBuildFile; fileRef = 2665D5761FD891220026E0A9 /* TVandMovieTabsViewController.swift */; };
		2665D57B1FDAAE5B0026E0A9 /* OnTvDetailedViewController.swift in Sources */ = {isa = PBXBuildFile; fileRef = 2665D57A1FDAAE5B0026E0A9 /* OnTvDetailedViewController.swift */; };
		26CB8FED1FAC92830074CBEF /* AppDelegate.swift in Sources */ = {isa = PBXBuildFile; fileRef = 26CB8FEC1FAC92830074CBEF /* AppDelegate.swift */; };
		26CB8FEF1FAC92830074CBEF /* ViewController.swift in Sources */ = {isa = PBXBuildFile; fileRef = 26CB8FEE1FAC92830074CBEF /* ViewController.swift */; };
		26CB8FF21FAC92830074CBEF /* Main.storyboard in Resources */ = {isa = PBXBuildFile; fileRef = 26CB8FF01FAC92830074CBEF /* Main.storyboard */; };
		26CB8FF51FAC92830074CBEF /* MovieDB.xcdatamodeld in Sources */ = {isa = PBXBuildFile; fileRef = 26CB8FF31FAC92830074CBEF /* MovieDB.xcdatamodeld */; };
		26CB8FF71FAC92830074CBEF /* Assets.xcassets in Resources */ = {isa = PBXBuildFile; fileRef = 26CB8FF61FAC92830074CBEF /* Assets.xcassets */; };
		26CB8FFA1FAC92830074CBEF /* LaunchScreen.storyboard in Resources */ = {isa = PBXBuildFile; fileRef = 26CB8FF81FAC92830074CBEF /* LaunchScreen.storyboard */; };
		26CB90051FAC92830074CBEF /* MovieDBTests.swift in Sources */ = {isa = PBXBuildFile; fileRef = 26CB90041FAC92830074CBEF /* MovieDBTests.swift */; };
		26CB90101FAD023B0074CBEF /* MainPageTableViewCell.swift in Sources */ = {isa = PBXBuildFile; fileRef = 26CB900F1FAD023B0074CBEF /* MainPageTableViewCell.swift */; };
		26CB90121FAD06290074CBEF /* APIHandler.swift in Sources */ = {isa = PBXBuildFile; fileRef = 26CB90111FAD06290074CBEF /* APIHandler.swift */; };
		26CB90141FAD09CD0074CBEF /* MovieInTheater.swift in Sources */ = {isa = PBXBuildFile; fileRef = 26CB90131FAD09CD0074CBEF /* MovieInTheater.swift */; };
		26E8E0B21FAEEC6100D5D000 /* Movie.swift in Sources */ = {isa = PBXBuildFile; fileRef = 26E8E0B11FAEEC6100D5D000 /* Movie.swift */; };
		26E8E0B41FAEFCAE00D5D000 /* Episode.swift in Sources */ = {isa = PBXBuildFile; fileRef = 26E8E0B31FAEFCAE00D5D000 /* Episode.swift */; };
		26E8E0B61FAEFD9400D5D000 /* Season.swift in Sources */ = {isa = PBXBuildFile; fileRef = 26E8E0B51FAEFD9400D5D000 /* Season.swift */; };
		26E8E0BA1FAF011600D5D000 /* MovieOnTV.swift in Sources */ = {isa = PBXBuildFile; fileRef = 26E8E0B91FAF011600D5D000 /* MovieOnTV.swift */; };
/* End PBXBuildFile section */

/* Begin PBXContainerItemProxy section */
		26CB90011FAC92830074CBEF /* PBXContainerItemProxy */ = {
			isa = PBXContainerItemProxy;
			containerPortal = 26CB8FE11FAC92830074CBEF /* Project object */;
			proxyType = 1;
			remoteGlobalIDString = 26CB8FE81FAC92830074CBEF;
			remoteInfo = MovieDB;
		};
/* End PBXContainerItemProxy section */

/* Begin PBXFileReference section */
		261231781FE53E7000B9CD63 /* VideosViewController.swift */ = {isa = PBXFileReference; lastKnownFileType = sourcecode.swift; path = VideosViewController.swift; sourceTree = "<group>"; };
		2629DE6A1FE908FC0010787A /* SearchTableViewCell.swift */ = {isa = PBXFileReference; lastKnownFileType = sourcecode.swift; path = SearchTableViewCell.swift; sourceTree = "<group>"; };
		262EEE221FE0391C00B2D952 /* InTheatersDetailedViewController.swift */ = {isa = PBXFileReference; lastKnownFileType = sourcecode.swift; path = InTheatersDetailedViewController.swift; sourceTree = "<group>"; };
		262EEE241FE0822000B2D952 /* SearchViewController.swift */ = {isa = PBXFileReference; lastKnownFileType = sourcecode.swift; path = SearchViewController.swift; sourceTree = "<group>"; };
		262EEE261FE1CA7400B2D952 /* EpisodesViewController.swift */ = {isa = PBXFileReference; lastKnownFileType = sourcecode.swift; path = EpisodesViewController.swift; sourceTree = "<group>"; };
		262EEE281FE1CB5900B2D952 /* EpisodesFirstTableViewCell.swift */ = {isa = PBXFileReference; lastKnownFileType = sourcecode.swift; path = EpisodesFirstTableViewCell.swift; sourceTree = "<group>"; };
		262EEE2A1FE1CC0800B2D952 /* EpisodesSecondTableViewCell.swift */ = {isa = PBXFileReference; lastKnownFileType = sourcecode.swift; path = EpisodesSecondTableViewCell.swift; sourceTree = "<group>"; };
		262EEE2C1FE3110000B2D952 /* Video.swift */ = {isa = PBXFileReference; lastKnownFileType = sourcecode.swift; path = Video.swift; sourceTree = "<group>"; };
		2665D5691FCDAEB70026E0A9 /* MoviesInTheaterListViewController.swift */ = {isa = PBXFileReference; lastKnownFileType = sourcecode.swift; path = MoviesInTheaterListViewController.swift; sourceTree = "<group>"; };
		2665D56D1FCDB00E0026E0A9 /* CustomTableViewCell.swift */ = {isa = PBXFileReference; lastKnownFileType = sourcecode.swift; path = CustomTableViewCell.swift; sourceTree = "<group>"; };
		2665D5701FCE0A2D0026E0A9 /* OnTvViewController.swift */ = {isa = PBXFileReference; lastKnownFileType = sourcecode.swift; path = OnTvViewController.swift; sourceTree = "<group>"; };
		2665D5721FD14F890026E0A9 /* ImageUrlExtension.swift */ = {isa = PBXFileReference; lastKnownFileType = sourcecode.swift; path = ImageUrlExtension.swift; sourceTree = "<group>"; };
		2665D5741FD8901D0026E0A9 /* TVandMovieTabsCollectionViewCell.swift */ = {isa = PBXFileReference; lastKnownFileType = sourcecode.swift; path = TVandMovieTabsCollectionViewCell.swift; sourceTree = "<group>"; };
		2665D5761FD891220026E0A9 /* TVandMovieTabsViewController.swift */ = {isa = PBXFileReference; lastKnownFileType = sourcecode.swift; path = TVandMovieTabsViewController.swift; sourceTree = "<group>"; };
		2665D57A1FDAAE5B0026E0A9 /* OnTvDetailedViewController.swift */ = {isa = PBXFileReference; lastKnownFileType = sourcecode.swift; path = OnTvDetailedViewController.swift; sourceTree = "<group>"; };
		26CB8FE91FAC92830074CBEF /* MovieDB.app */ = {isa = PBXFileReference; explicitFileType = wrapper.application; includeInIndex = 0; path = MovieDB.app; sourceTree = BUILT_PRODUCTS_DIR; };
		26CB8FEC1FAC92830074CBEF /* AppDelegate.swift */ = {isa = PBXFileReference; lastKnownFileType = sourcecode.swift; path = AppDelegate.swift; sourceTree = "<group>"; };
		26CB8FEE1FAC92830074CBEF /* ViewController.swift */ = {isa = PBXFileReference; lastKnownFileType = sourcecode.swift; path = ViewController.swift; sourceTree = "<group>"; };
		26CB8FF11FAC92830074CBEF /* Base */ = {isa = PBXFileReference; lastKnownFileType = file.storyboard; name = Base; path = Base.lproj/Main.storyboard; sourceTree = "<group>"; };
		26CB8FF41FAC92830074CBEF /* MovieDB.xcdatamodel */ = {isa = PBXFileReference; lastKnownFileType = wrapper.xcdatamodel; path = MovieDB.xcdatamodel; sourceTree = "<group>"; };
		26CB8FF61FAC92830074CBEF /* Assets.xcassets */ = {isa = PBXFileReference; lastKnownFileType = folder.assetcatalog; path = Assets.xcassets; sourceTree = "<group>"; };
		26CB8FF91FAC92830074CBEF /* Base */ = {isa = PBXFileReference; lastKnownFileType = file.storyboard; name = Base; path = Base.lproj/LaunchScreen.storyboard; sourceTree = "<group>"; };
		26CB8FFB1FAC92830074CBEF /* Info.plist */ = {isa = PBXFileReference; lastKnownFileType = text.plist.xml; path = Info.plist; sourceTree = "<group>"; };
		26CB90001FAC92830074CBEF /* MovieDBTests.xctest */ = {isa = PBXFileReference; explicitFileType = wrapper.cfbundle; includeInIndex = 0; path = MovieDBTests.xctest; sourceTree = BUILT_PRODUCTS_DIR; };
		26CB90041FAC92830074CBEF /* MovieDBTests.swift */ = {isa = PBXFileReference; lastKnownFileType = sourcecode.swift; path = MovieDBTests.swift; sourceTree = "<group>"; };
		26CB90061FAC92830074CBEF /* Info.plist */ = {isa = PBXFileReference; lastKnownFileType = text.plist.xml; path = Info.plist; sourceTree = "<group>"; };
		26CB900F1FAD023B0074CBEF /* MainPageTableViewCell.swift */ = {isa = PBXFileReference; lastKnownFileType = sourcecode.swift; path = MainPageTableViewCell.swift; sourceTree = "<group>"; };
		26CB90111FAD06290074CBEF /* APIHandler.swift */ = {isa = PBXFileReference; lastKnownFileType = sourcecode.swift; path = APIHandler.swift; sourceTree = "<group>"; };
		26CB90131FAD09CD0074CBEF /* MovieInTheater.swift */ = {isa = PBXFileReference; lastKnownFileType = sourcecode.swift; path = MovieInTheater.swift; sourceTree = "<group>"; };
		26E8E0B11FAEEC6100D5D000 /* Movie.swift */ = {isa = PBXFileReference; lastKnownFileType = sourcecode.swift; path = Movie.swift; sourceTree = "<group>"; };
		26E8E0B31FAEFCAE00D5D000 /* Episode.swift */ = {isa = PBXFileReference; lastKnownFileType = sourcecode.swift; path = Episode.swift; sourceTree = "<group>"; };
		26E8E0B51FAEFD9400D5D000 /* Season.swift */ = {isa = PBXFileReference; lastKnownFileType = sourcecode.swift; path = Season.swift; sourceTree = "<group>"; };
		26E8E0B91FAF011600D5D000 /* MovieOnTV.swift */ = {isa = PBXFileReference; lastKnownFileType = sourcecode.swift; path = MovieOnTV.swift; sourceTree = "<group>"; };
/* End PBXFileReference section */

/* Begin PBXFrameworksBuildPhase section */
		26CB8FE61FAC92830074CBEF /* Frameworks */ = {
			isa = PBXFrameworksBuildPhase;
			buildActionMask = 2147483647;
			files = (
			);
			runOnlyForDeploymentPostprocessing = 0;
		};
		26CB8FFD1FAC92830074CBEF /* Frameworks */ = {
			isa = PBXFrameworksBuildPhase;
			buildActionMask = 2147483647;
			files = (
			);
			runOnlyForDeploymentPostprocessing = 0;
		};
/* End PBXFrameworksBuildPhase section */

/* Begin PBXGroup section */
		2629DE701FE9B5BA0010787A /* ViewControllers */ = {
			isa = PBXGroup;
			children = (
				26CB8FEE1FAC92830074CBEF /* ViewController.swift */,
				261231781FE53E7000B9CD63 /* VideosViewController.swift */,
				262EEE241FE0822000B2D952 /* SearchViewController.swift */,
				262EEE221FE0391C00B2D952 /* InTheatersDetailedViewController.swift */,
				262EEE261FE1CA7400B2D952 /* EpisodesViewController.swift */,
				2665D57A1FDAAE5B0026E0A9 /* OnTvDetailedViewController.swift */,
				2665D5691FCDAEB70026E0A9 /* MoviesInTheaterListViewController.swift */,
				2665D5761FD891220026E0A9 /* TVandMovieTabsViewController.swift */,
				2665D5701FCE0A2D0026E0A9 /* OnTvViewController.swift */,
			);
			path = ViewControllers;
			sourceTree = "<group>";
		};
		2665D56F1FCDB0F70026E0A9 /* TableViewCells */ = {
			isa = PBXGroup;
			children = (
				26CB900F1FAD023B0074CBEF /* MainPageTableViewCell.swift */,
				2665D56D1FCDB00E0026E0A9 /* CustomTableViewCell.swift */,
				2629DE6A1FE908FC0010787A /* SearchTableViewCell.swift */,
				2665D5741FD8901D0026E0A9 /* TVandMovieTabsCollectionViewCell.swift */,
				262EEE281FE1CB5900B2D952 /* EpisodesFirstTableViewCell.swift */,
				262EEE2A1FE1CC0800B2D952 /* EpisodesSecondTableViewCell.swift */,
			);
			path = TableViewCells;
			sourceTree = "<group>";
		};
		26CB8FE01FAC92830074CBEF = {
			isa = PBXGroup;
			children = (
				26CB8FEB1FAC92830074CBEF /* MovieDB */,
				26CB90031FAC92830074CBEF /* MovieDBTests */,
				26CB8FEA1FAC92830074CBEF /* Products */,
			);
			sourceTree = "<group>";
		};
		26CB8FEA1FAC92830074CBEF /* Products */ = {
			isa = PBXGroup;
			children = (
				26CB8FE91FAC92830074CBEF /* MovieDB.app */,
				26CB90001FAC92830074CBEF /* MovieDBTests.xctest */,
			);
			name = Products;
			sourceTree = "<group>";
		};
		26CB8FEB1FAC92830074CBEF /* MovieDB */ = {
			isa = PBXGroup;
			children = (
				26CB8FEC1FAC92830074CBEF /* AppDelegate.swift */,
				2665D5721FD14F890026E0A9 /* ImageUrlExtension.swift */,
				2665D56F1FCDB0F70026E0A9 /* TableViewCells */,
				26CB8FF01FAC92830074CBEF /* Main.storyboard */,
				2629DE701FE9B5BA0010787A /* ViewControllers */,
				26CB90111FAD06290074CBEF /* APIHandler.swift */,
				26E8E0BB1FAF024100D5D000 /* Model */,
				26CB8FF61FAC92830074CBEF /* Assets.xcassets */,
				26CB8FF81FAC92830074CBEF /* LaunchScreen.storyboard */,
				26CB8FFB1FAC92830074CBEF /* Info.plist */,
				26CB8FF31FAC92830074CBEF /* MovieDB.xcdatamodeld */,
			);
			path = MovieDB;
			sourceTree = "<group>";
		};
		26CB90031FAC92830074CBEF /* MovieDBTests */ = {
			isa = PBXGroup;
			children = (
				26CB90041FAC92830074CBEF /* MovieDBTests.swift */,
				26CB90061FAC92830074CBEF /* Info.plist */,
			);
			path = MovieDBTests;
			sourceTree = "<group>";
		};
		26E8E0BB1FAF024100D5D000 /* Model */ = {
			isa = PBXGroup;
			children = (
				26CB90131FAD09CD0074CBEF /* MovieInTheater.swift */,
				26E8E0B91FAF011600D5D000 /* MovieOnTV.swift */,
				26E8E0B31FAEFCAE00D5D000 /* Episode.swift */,
				26E8E0B51FAEFD9400D5D000 /* Season.swift */,
				26E8E0B11FAEEC6100D5D000 /* Movie.swift */,
				262EEE2C1FE3110000B2D952 /* Video.swift */,
			);
			path = Model;
			sourceTree = "<group>";
		};
/* End PBXGroup section */

/* Begin PBXNativeTarget section */
		26CB8FE81FAC92830074CBEF /* MovieDB */ = {
			isa = PBXNativeTarget;
			buildConfigurationList = 26CB90091FAC92830074CBEF /* Build configuration list for PBXNativeTarget "MovieDB" */;
			buildPhases = (
				26CB8FE51FAC92830074CBEF /* Sources */,
				26CB8FE61FAC92830074CBEF /* Frameworks */,
				26CB8FE71FAC92830074CBEF /* Resources */,
			);
			buildRules = (
			);
			dependencies = (
			);
			name = MovieDB;
			productName = MovieDB;
			productReference = 26CB8FE91FAC92830074CBEF /* MovieDB.app */;
			productType = "com.apple.product-type.application";
		};
		26CB8FFF1FAC92830074CBEF /* MovieDBTests */ = {
			isa = PBXNativeTarget;
			buildConfigurationList = 26CB900C1FAC92830074CBEF /* Build configuration list for PBXNativeTarget "MovieDBTests" */;
			buildPhases = (
				26CB8FFC1FAC92830074CBEF /* Sources */,
				26CB8FFD1FAC92830074CBEF /* Frameworks */,
				26CB8FFE1FAC92830074CBEF /* Resources */,
			);
			buildRules = (
			);
			dependencies = (
				26CB90021FAC92830074CBEF /* PBXTargetDependency */,
			);
			name = MovieDBTests;
			productName = MovieDBTests;
			productReference = 26CB90001FAC92830074CBEF /* MovieDBTests.xctest */;
			productType = "com.apple.product-type.bundle.unit-test";
		};
/* End PBXNativeTarget section */

/* Begin PBXProject section */
		26CB8FE11FAC92830074CBEF /* Project object */ = {
			isa = PBXProject;
			attributes = {
				LastSwiftUpdateCheck = 0900;
				LastUpgradeCheck = 0900;
				ORGANIZATIONNAME = "Esther Donde";
				TargetAttributes = {
					26CB8FE81FAC92830074CBEF = {
						CreatedOnToolsVersion = 9.0;
						ProvisioningStyle = Automatic;
					};
					26CB8FFF1FAC92830074CBEF = {
						CreatedOnToolsVersion = 9.0;
						ProvisioningStyle = Automatic;
						TestTargetID = 26CB8FE81FAC92830074CBEF;
					};
				};
			};
			buildConfigurationList = 26CB8FE41FAC92830074CBEF /* Build configuration list for PBXProject "MovieDB" */;
			compatibilityVersion = "Xcode 8.0";
			developmentRegion = en;
			hasScannedForEncodings = 0;
			knownRegions = (
				en,
				Base,
			);
			mainGroup = 26CB8FE01FAC92830074CBEF;
			productRefGroup = 26CB8FEA1FAC92830074CBEF /* Products */;
			projectDirPath = "";
			projectRoot = "";
			targets = (
				26CB8FE81FAC92830074CBEF /* MovieDB */,
				26CB8FFF1FAC92830074CBEF /* MovieDBTests */,
			);
		};
/* End PBXProject section */

/* Begin PBXResourcesBuildPhase section */
		26CB8FE71FAC92830074CBEF /* Resources */ = {
			isa = PBXResourcesBuildPhase;
			buildActionMask = 2147483647;
			files = (
				26CB8FFA1FAC92830074CBEF /* LaunchScreen.storyboard in Resources */,
				26CB8FF71FAC92830074CBEF /* Assets.xcassets in Resources */,
				26CB8FF21FAC92830074CBEF /* Main.storyboard in Resources */,
			);
			runOnlyForDeploymentPostprocessing = 0;
		};
		26CB8FFE1FAC92830074CBEF /* Resources */ = {
			isa = PBXResourcesBuildPhase;
			buildActionMask = 2147483647;
			files = (
			);
			runOnlyForDeploymentPostprocessing = 0;
		};
/* End PBXResourcesBuildPhase section */

/* Begin PBXSourcesBuildPhase section */
		26CB8FE51FAC92830074CBEF /* Sources */ = {
			isa = PBXSourcesBuildPhase;
			buildActionMask = 2147483647;
			files = (
				262EEE291FE1CB5900B2D952 /* EpisodesFirstTableViewCell.swift in Sources */,
				26E8E0B21FAEEC6100D5D000 /* Movie.swift in Sources */,
				2665D5711FCE0A2D0026E0A9 /* OnTvViewController.swift in Sources */,
				26E8E0B61FAEFD9400D5D000 /* Season.swift in Sources */,
				26E8E0BA1FAF011600D5D000 /* MovieOnTV.swift in Sources */,
				26E8E0B41FAEFCAE00D5D000 /* Episode.swift in Sources */,
				261231791FE53E7000B9CD63 /* VideosViewController.swift in Sources */,
				2665D56A1FCDAEB70026E0A9 /* MoviesInTheaterListViewController.swift in Sources */,
				26CB8FEF1FAC92830074CBEF /* ViewController.swift in Sources */,
				26CB90141FAD09CD0074CBEF /* MovieInTheater.swift in Sources */,
				26CB8FF51FAC92830074CBEF /* MovieDB.xcdatamodeld in Sources */,
				262EEE271FE1CA7400B2D952 /* EpisodesViewController.swift in Sources */,
				26CB90121FAD06290074CBEF /* APIHandler.swift in Sources */,
				262EEE2D1FE3110000B2D952 /* Video.swift in Sources */,
				262EEE251FE0822000B2D952 /* SearchViewController.swift in Sources */,
				26CB8FED1FAC92830074CBEF /* AppDelegate.swift in Sources */,
				2665D5731FD14F890026E0A9 /* ImageUrlExtension.swift in Sources */,
				26CB90101FAD023B0074CBEF /* MainPageTableViewCell.swift in Sources */,
				262EEE231FE0391C00B2D952 /* InTheatersDetailedViewController.swift in Sources */,
				2629DE6B1FE908FC0010787A /* SearchTableViewCell.swift in Sources */,
				2665D57B1FDAAE5B0026E0A9 /* OnTvDetailedViewController.swift in Sources */,
				2665D5771FD891220026E0A9 /* TVandMovieTabsViewController.swift in Sources */,
				262EEE2B1FE1CC0800B2D952 /* EpisodesSecondTableViewCell.swift in Sources */,
				2665D56E1FCDB00E0026E0A9 /* CustomTableViewCell.swift in Sources */,
				2665D5751FD8901D0026E0A9 /* TVandMovieTabsCollectionViewCell.swift in Sources */,
			);
			runOnlyForDeploymentPostprocessing = 0;
		};
		26CB8FFC1FAC92830074CBEF /* Sources */ = {
			isa = PBXSourcesBuildPhase;
			buildActionMask = 2147483647;
			files = (
				26CB90051FAC92830074CBEF /* MovieDBTests.swift in Sources */,
			);
			runOnlyForDeploymentPostprocessing = 0;
		};
/* End PBXSourcesBuildPhase section */

/* Begin PBXTargetDependency section */
		26CB90021FAC92830074CBEF /* PBXTargetDependency */ = {
			isa = PBXTargetDependency;
			target = 26CB8FE81FAC92830074CBEF /* MovieDB */;
			targetProxy = 26CB90011FAC92830074CBEF /* PBXContainerItemProxy */;
		};
/* End PBXTargetDependency section */

/* Begin PBXVariantGroup section */
		26CB8FF01FAC92830074CBEF /* Main.storyboard */ = {
			isa = PBXVariantGroup;
			children = (
				26CB8FF11FAC92830074CBEF /* Base */,
			);
			name = Main.storyboard;
			sourceTree = "<group>";
		};
		26CB8FF81FAC92830074CBEF /* LaunchScreen.storyboard */ = {
			isa = PBXVariantGroup;
			children = (
				26CB8FF91FAC92830074CBEF /* Base */,
			);
			name = LaunchScreen.storyboard;
			sourceTree = "<group>";
		};
/* End PBXVariantGroup section */

/* Begin XCBuildConfiguration section */
		26CB90071FAC92830074CBEF /* Debug */ = {
			isa = XCBuildConfiguration;
			buildSettings = {
				ALWAYS_SEARCH_USER_PATHS = NO;
				CLANG_ANALYZER_NONNULL = YES;
				CLANG_ANALYZER_NUMBER_OBJECT_CONVERSION = YES_AGGRESSIVE;
				CLANG_CXX_LANGUAGE_STANDARD = "gnu++14";
				CLANG_CXX_LIBRARY = "libc++";
				CLANG_ENABLE_MODULES = YES;
				CLANG_ENABLE_OBJC_ARC = YES;
				CLANG_WARN_BLOCK_CAPTURE_AUTORELEASING = YES;
				CLANG_WARN_BOOL_CONVERSION = YES;
				CLANG_WARN_COMMA = YES;
				CLANG_WARN_CONSTANT_CONVERSION = YES;
				CLANG_WARN_DIRECT_OBJC_ISA_USAGE = YES_ERROR;
				CLANG_WARN_DOCUMENTATION_COMMENTS = YES;
				CLANG_WARN_EMPTY_BODY = YES;
				CLANG_WARN_ENUM_CONVERSION = YES;
				CLANG_WARN_INFINITE_RECURSION = YES;
				CLANG_WARN_INT_CONVERSION = YES;
				CLANG_WARN_NON_LITERAL_NULL_CONVERSION = YES;
				CLANG_WARN_OBJC_LITERAL_CONVERSION = YES;
				CLANG_WARN_OBJC_ROOT_CLASS = YES_ERROR;
				CLANG_WARN_RANGE_LOOP_ANALYSIS = YES;
				CLANG_WARN_STRICT_PROTOTYPES = YES;
				CLANG_WARN_SUSPICIOUS_MOVE = YES;
				CLANG_WARN_UNGUARDED_AVAILABILITY = YES_AGGRESSIVE;
				CLANG_WARN_UNREACHABLE_CODE = YES;
				CLANG_WARN__DUPLICATE_METHOD_MATCH = YES;
				CODE_SIGN_IDENTITY = "iPhone Developer";
				COPY_PHASE_STRIP = NO;
				DEBUG_INFORMATION_FORMAT = dwarf;
				ENABLE_STRICT_OBJC_MSGSEND = YES;
				ENABLE_TESTABILITY = YES;
				GCC_C_LANGUAGE_STANDARD = gnu11;
				GCC_DYNAMIC_NO_PIC = NO;
				GCC_NO_COMMON_BLOCKS = YES;
				GCC_OPTIMIZATION_LEVEL = 0;
				GCC_PREPROCESSOR_DEFINITIONS = (
					"DEBUG=1",
					"$(inherited)",
				);
				GCC_WARN_64_TO_32_BIT_CONVERSION = YES;
				GCC_WARN_ABOUT_RETURN_TYPE = YES_ERROR;
				GCC_WARN_UNDECLARED_SELECTOR = YES;
				GCC_WARN_UNINITIALIZED_AUTOS = YES_AGGRESSIVE;
				GCC_WARN_UNUSED_FUNCTION = YES;
				GCC_WARN_UNUSED_VARIABLE = YES;
				IPHONEOS_DEPLOYMENT_TARGET = 11.0;
				MTL_ENABLE_DEBUG_INFO = YES;
				ONLY_ACTIVE_ARCH = YES;
				SDKROOT = iphoneos;
				SWIFT_ACTIVE_COMPILATION_CONDITIONS = DEBUG;
				SWIFT_OPTIMIZATION_LEVEL = "-Onone";
			};
			name = Debug;
		};
		26CB90081FAC92830074CBEF /* Release */ = {
			isa = XCBuildConfiguration;
			buildSettings = {
				ALWAYS_SEARCH_USER_PATHS = NO;
				CLANG_ANALYZER_NONNULL = YES;
				CLANG_ANALYZER_NUMBER_OBJECT_CONVERSION = YES_AGGRESSIVE;
				CLANG_CXX_LANGUAGE_STANDARD = "gnu++14";
				CLANG_CXX_LIBRARY = "libc++";
				CLANG_ENABLE_MODULES = YES;
				CLANG_ENABLE_OBJC_ARC = YES;
				CLANG_WARN_BLOCK_CAPTURE_AUTORELEASING = YES;
				CLANG_WARN_BOOL_CONVERSION = YES;
				CLANG_WARN_COMMA = YES;
				CLANG_WARN_CONSTANT_CONVERSION = YES;
				CLANG_WARN_DIRECT_OBJC_ISA_USAGE = YES_ERROR;
				CLANG_WARN_DOCUMENTATION_COMMENTS = YES;
				CLANG_WARN_EMPTY_BODY = YES;
				CLANG_WARN_ENUM_CONVERSION = YES;
				CLANG_WARN_INFINITE_RECURSION = YES;
				CLANG_WARN_INT_CONVERSION = YES;
				CLANG_WARN_NON_LITERAL_NULL_CONVERSION = YES;
				CLANG_WARN_OBJC_LITERAL_CONVERSION = YES;
				CLANG_WARN_OBJC_ROOT_CLASS = YES_ERROR;
				CLANG_WARN_RANGE_LOOP_ANALYSIS = YES;
				CLANG_WARN_STRICT_PROTOTYPES = YES;
				CLANG_WARN_SUSPICIOUS_MOVE = YES;
				CLANG_WARN_UNGUARDED_AVAILABILITY = YES_AGGRESSIVE;
				CLANG_WARN_UNREACHABLE_CODE = YES;
				CLANG_WARN__DUPLICATE_METHOD_MATCH = YES;
				CODE_SIGN_IDENTITY = "iPhone Developer";
				COPY_PHASE_STRIP = NO;
				DEBUG_INFORMATION_FORMAT = "dwarf-with-dsym";
				ENABLE_NS_ASSERTIONS = NO;
				ENABLE_STRICT_OBJC_MSGSEND = YES;
				GCC_C_LANGUAGE_STANDARD = gnu11;
				GCC_NO_COMMON_BLOCKS = YES;
				GCC_WARN_64_TO_32_BIT_CONVERSION = YES;
				GCC_WARN_ABOUT_RETURN_TYPE = YES_ERROR;
				GCC_WARN_UNDECLARED_SELECTOR = YES;
				GCC_WARN_UNINITIALIZED_AUTOS = YES_AGGRESSIVE;
				GCC_WARN_UNUSED_FUNCTION = YES;
				GCC_WARN_UNUSED_VARIABLE = YES;
				IPHONEOS_DEPLOYMENT_TARGET = 11.0;
				MTL_ENABLE_DEBUG_INFO = NO;
				SDKROOT = iphoneos;
				SWIFT_OPTIMIZATION_LEVEL = "-Owholemodule";
				VALIDATE_PRODUCT = YES;
			};
			name = Release;
		};
		26CB900A1FAC92830074CBEF /* Debug */ = {
			isa = XCBuildConfiguration;
			buildSettings = {
				ASSETCATALOG_COMPILER_APPICON_NAME = AppIcon;
				CODE_SIGN_STYLE = Automatic;
				INFOPLIST_FILE = MovieDB/Info.plist;
				LD_RUNPATH_SEARCH_PATHS = "$(inherited) @executable_path/Frameworks";
				PRODUCT_BUNDLE_IDENTIFIER = esthiDonde.MovieDB;
				PRODUCT_NAME = "$(TARGET_NAME)";
				SWIFT_VERSION = 4.0;
				TARGETED_DEVICE_FAMILY = "1,2";
			};
			name = Debug;
		};
		26CB900B1FAC92830074CBEF /* Release */ = {
			isa = XCBuildConfiguration;
			buildSettings = {
				ASSETCATALOG_COMPILER_APPICON_NAME = AppIcon;
				CODE_SIGN_STYLE = Automatic;
				INFOPLIST_FILE = MovieDB/Info.plist;
				LD_RUNPATH_SEARCH_PATHS = "$(inherited) @executable_path/Frameworks";
				PRODUCT_BUNDLE_IDENTIFIER = esthiDonde.MovieDB;
				PRODUCT_NAME = "$(TARGET_NAME)";
				SWIFT_VERSION = 4.0;
				TARGETED_DEVICE_FAMILY = "1,2";
			};
			name = Release;
		};
		26CB900D1FAC92830074CBEF /* Debug */ = {
			isa = XCBuildConfiguration;
			buildSettings = {
				ALWAYS_EMBED_SWIFT_STANDARD_LIBRARIES = YES;
				BUNDLE_LOADER = "$(TEST_HOST)";
				CODE_SIGN_STYLE = Automatic;
				INFOPLIST_FILE = MovieDBTests/Info.plist;
				LD_RUNPATH_SEARCH_PATHS = "$(inherited) @executable_path/Frameworks @loader_path/Frameworks";
				PRODUCT_BUNDLE_IDENTIFIER = esthiDonde.MovieDBTests;
				PRODUCT_NAME = "$(TARGET_NAME)";
				SWIFT_VERSION = 4.0;
				TARGETED_DEVICE_FAMILY = "1,2";
				TEST_HOST = "$(BUILT_PRODUCTS_DIR)/MovieDB.app/MovieDB";
			};
			name = Debug;
		};
		26CB900E1FAC92830074CBEF /* Release */ = {
			isa = XCBuildConfiguration;
			buildSettings = {
				ALWAYS_EMBED_SWIFT_STANDARD_LIBRARIES = YES;
				BUNDLE_LOADER = "$(TEST_HOST)";
				CODE_SIGN_STYLE = Automatic;
				INFOPLIST_FILE = MovieDBTests/Info.plist;
				LD_RUNPATH_SEARCH_PATHS = "$(inherited) @executable_path/Frameworks @loader_path/Frameworks";
				PRODUCT_BUNDLE_IDENTIFIER = esthiDonde.MovieDBTests;
				PRODUCT_NAME = "$(TARGET_NAME)";
				SWIFT_VERSION = 4.0;
				TARGETED_DEVICE_FAMILY = "1,2";
				TEST_HOST = "$(BUILT_PRODUCTS_DIR)/MovieDB.app/MovieDB";
			};
			name = Release;
		};
/* End XCBuildConfiguration section */

/* Begin XCConfigurationList section */
		26CB8FE41FAC92830074CBEF /* Build configuration list for PBXProject "MovieDB" */ = {
			isa = XCConfigurationList;
			buildConfigurations = (
				26CB90071FAC92830074CBEF /* Debug */,
				26CB90081FAC92830074CBEF /* Release */,
			);
			defaultConfigurationIsVisible = 0;
			defaultConfigurationName = Release;
		};
		26CB90091FAC92830074CBEF /* Build configuration list for PBXNativeTarget "MovieDB" */ = {
			isa = XCConfigurationList;
			buildConfigurations = (
				26CB900A1FAC92830074CBEF /* Debug */,
				26CB900B1FAC92830074CBEF /* Release */,
			);
			defaultConfigurationIsVisible = 0;
			defaultConfigurationName = Release;
		};
		26CB900C1FAC92830074CBEF /* Build configuration list for PBXNativeTarget "MovieDBTests" */ = {
			isa = XCConfigurationList;
			buildConfigurations = (
				26CB900D1FAC92830074CBEF /* Debug */,
				26CB900E1FAC92830074CBEF /* Release */,
			);
			defaultConfigurationIsVisible = 0;
			defaultConfigurationName = Release;
		};
/* End XCConfigurationList section */

/* Begin XCVersionGroup section */
		26CB8FF31FAC92830074CBEF /* MovieDB.xcdatamodeld */ = {
			isa = XCVersionGroup;
			children = (
				26CB8FF41FAC92830074CBEF /* MovieDB.xcdatamodel */,
			);
			currentVersion = 26CB8FF41FAC92830074CBEF /* MovieDB.xcdatamodel */;
			path = MovieDB.xcdatamodeld;
			sourceTree = "<group>";
			versionGroupType = wrapper.xcdatamodel;
		};
/* End XCVersionGroup section */
	};
	rootObject = 26CB8FE11FAC92830074CBEF /* Project object */;
}
